
Microsoft Visual Studio Solution File, Format Version 12.00
# Visual Studio Version 17
VisualStudioVersion = 17.14.36127.28
MinimumVisualStudioVersion = 10.0.40219.1
Project("{FAE04EC0-301F-11D3-BF4B-00C04F79EFBC}") = "Food_Recipe", "Food_Recipe.csproj", "{43081DA5-BE8B-4121-8C8B-67A4BFC099AD}"
EndProject
Project("{FAE04EC0-301F-11D3-BF4B-00C04F79EFBC}") = "Food_Recipe.Domain", "..\Food_Recipe.Domain\Food_Recipe.Domain.csproj", "{0B824A21-0386-4519-8260-1392A1178392}"
EndProject
Project("{FAE04EC0-301F-11D3-BF4B-00C04F79EFBC}") = "Food_Recipe.Services", "..\Food_Recipe.Services\Food_Recipe.Services.csproj", "{7E371DC6-7FD4-4BCC-83F5-D6D0E96982B4}"
EndProject
Project("{FAE04EC0-301F-11D3-BF4B-00C04F79EFBC}") = "Food_Recipe.DAL", "..\Food_Recipe.DAL\Food_Recipe.DAL.csproj", "{DBEBF0A8-9048-4036-957D-A4FE4BBA363A}"
EndProject
Global
	GlobalSection(SolutionConfigurationPlatforms) = preSolution
		Debug|Any CPU = Debug|Any CPU
		Release|Any CPU = Release|Any CPU
	EndGlobalSection
	GlobalSection(ProjectConfigurationPlatforms) = postSolution
		{43081DA5-BE8B-4121-8C8B-67A4BFC099AD}.Debug|Any CPU.ActiveCfg = Debug|Any CPU
		{43081DA5-BE8B-4121-8C8B-67A4BFC099AD}.Debug|Any CPU.Build.0 = Debug|Any CPU
		{43081DA5-BE8B-4121-8C8B-67A4BFC099AD}.Release|Any CPU.ActiveCfg = Release|Any CPU
		{43081DA5-BE8B-4121-8C8B-67A4BFC099AD}.Release|Any CPU.Build.0 = Release|Any CPU
		{0B824A21-0386-4519-8260-1392A1178392}.Debug|Any CPU.ActiveCfg = Debug|Any CPU
		{0B824A21-0386-4519-8260-1392A1178392}.Debug|Any CPU.Build.0 = Debug|Any CPU
		{0B824A21-0386-4519-8260-1392A1178392}.Release|Any CPU.ActiveCfg = Release|Any CPU
		{0B824A21-0386-4519-8260-1392A1178392}.Release|Any CPU.Build.0 = Release|Any CPU
		{7E371DC6-7FD4-4BCC-83F5-D6D0E96982B4}.Debug|Any CPU.ActiveCfg = Debug|Any CPU
		{7E371DC6-7FD4-4BCC-83F5-D6D0E96982B4}.Debug|Any CPU.Build.0 = Debug|Any CPU
		{7E371DC6-7FD4-4BCC-83F5-D6D0E96982B4}.Release|Any CPU.ActiveCfg = Release|Any CPU
		{7E371DC6-7FD4-4BCC-83F5-D6D0E96982B4}.Release|Any CPU.Build.0 = Release|Any CPU
		{DBEBF0A8-9048-4036-957D-A4FE4BBA363A}.Debug|Any CPU.ActiveCfg = Debug|Any CPU
		{DBEBF0A8-9048-4036-957D-A4FE4BBA363A}.Debug|Any CPU.Build.0 = Debug|Any CPU
		{DBEBF0A8-9048-4036-957D-A4FE4BBA363A}.Release|Any CPU.ActiveCfg = Release|Any CPU
		{DBEBF0A8-9048-4036-957D-A4FE4BBA363A}.Release|Any CPU.Build.0 = Release|Any CPU
	EndGlobalSection
	GlobalSection(SolutionProperties) = preSolution
		HideSolutionNode = FALSE
	EndGlobalSection
	GlobalSection(ExtensibilityGlobals) = postSolution
		SolutionGuid = {A9A78B00-F81A-4BA5-8BB4-E73578C345DC}
	EndGlobalSection
EndGlobal
